
Microsoft Visual Studio Solution File, Format Version 12.00
# Visual Studio 2012
Project("{FAE04EC0-301F-11D3-BF4B-00C04F79EFBC}") = "BackboneCRM.Web.UI", "BackboneCRM.Web.UI\BackboneCRM.Web.UI.csproj", "{1B1DDA37-F2B4-4508-A00A-7E643B1A301E}"
EndProject
Project("{FAE04EC0-301F-11D3-BF4B-00C04F79EFBC}") = "BackboneCRM.Domain", "BackboneCRM.Domain\BackboneCRM.Domain.csproj", "{21AF7445-458A-44D3-9EF5-2760D5E5305B}"
EndProject
Global
	GlobalSection(SolutionConfigurationPlatforms) = preSolution
		Debug|Any CPU = Debug|Any CPU
		Release|Any CPU = Release|Any CPU
	EndGlobalSection
	GlobalSection(ProjectConfigurationPlatforms) = postSolution
		{1B1DDA37-F2B4-4508-A00A-7E643B1A301E}.Debug|Any CPU.ActiveCfg = Debug|Any CPU
		{1B1DDA37-F2B4-4508-A00A-7E643B1A301E}.Debug|Any CPU.Build.0 = Debug|Any CPU
		{1B1DDA37-F2B4-4508-A00A-7E643B1A301E}.Release|Any CPU.ActiveCfg = Release|Any CPU
		{1B1DDA37-F2B4-4508-A00A-7E643B1A301E}.Release|Any CPU.Build.0 = Release|Any CPU
		{21AF7445-458A-44D3-9EF5-2760D5E5305B}.Debug|Any CPU.ActiveCfg = Debug|Any CPU
		{21AF7445-458A-44D3-9EF5-2760D5E5305B}.Debug|Any CPU.Build.0 = Debug|Any CPU
		{21AF7445-458A-44D3-9EF5-2760D5E5305B}.Release|Any CPU.ActiveCfg = Release|Any CPU
		{21AF7445-458A-44D3-9EF5-2760D5E5305B}.Release|Any CPU.Build.0 = Release|Any CPU
	EndGlobalSection
	GlobalSection(SolutionProperties) = preSolution
		HideSolutionNode = FALSE
	EndGlobalSection
EndGlobal
